
Microsoft Visual Studio Solution File, Format Version 12.00
# Visual Studio 15
VisualStudioVersion = 15.0.27004.2010
MinimumVisualStudioVersion = 10.0.40219.1
Project("{FAE04EC0-301F-11D3-BF4B-00C04F79EFBC}") = "BittrexAPI", "BittrexAPI\BittrexAPI.csproj", "{FCB71EA6-7D28-4254-B95E-05D1A6FD7624}"
EndProject
Project("{FAE04EC0-301F-11D3-BF4B-00C04F79EFBC}") = "ConsoleApp1", "ConsoleApp1\ConsoleApp1.csproj", "{D18A501C-A240-4EA6-A2A7-24E4A814BFF5}"
EndProject
Global
	GlobalSection(SolutionConfigurationPlatforms) = preSolution
		Debug|Any CPU = Debug|Any CPU
		Release|Any CPU = Release|Any CPU
	EndGlobalSection
	GlobalSection(ProjectConfigurationPlatforms) = postSolution
		{FCB71EA6-7D28-4254-B95E-05D1A6FD7624}.Debug|Any CPU.ActiveCfg = Debug|Any CPU
		{FCB71EA6-7D28-4254-B95E-05D1A6FD7624}.Debug|Any CPU.Build.0 = Debug|Any CPU
		{FCB71EA6-7D28-4254-B95E-05D1A6FD7624}.Release|Any CPU.ActiveCfg = Release|Any CPU
		{FCB71EA6-7D28-4254-B95E-05D1A6FD7624}.Release|Any CPU.Build.0 = Release|Any CPU
		{D18A501C-A240-4EA6-A2A7-24E4A814BFF5}.Debug|Any CPU.ActiveCfg = Debug|Any CPU
		{D18A501C-A240-4EA6-A2A7-24E4A814BFF5}.Debug|Any CPU.Build.0 = Debug|Any CPU
		{D18A501C-A240-4EA6-A2A7-24E4A814BFF5}.Release|Any CPU.ActiveCfg = Release|Any CPU
		{D18A501C-A240-4EA6-A2A7-24E4A814BFF5}.Release|Any CPU.Build.0 = Release|Any CPU
	EndGlobalSection
	GlobalSection(SolutionProperties) = preSolution
		HideSolutionNode = FALSE
	EndGlobalSection
	GlobalSection(ExtensibilityGlobals) = postSolution
		SolutionGuid = {FDDA7366-F52B-4B3F-A957-16113BAA7D3A}
	EndGlobalSection
EndGlobal
